
Microsoft Visual Studio Solution File, Format Version 12.00
# Visual Studio Version 17
VisualStudioVersion = 17.2.32630.192
MinimumVisualStudioVersion = 10.0.40219.1
Project("{FAE04EC0-301F-11D3-BF4B-00C04F79EFBC}") = "DataAnnotations", "DataAnnotations\DataAnnotations.csproj", "{DA819B64-612A-4338-868E-0513AAC0DC9B}"
EndProject
Global
	GlobalSection(SolutionConfigurationPlatforms) = preSolution
		Debug|Any CPU = Debug|Any CPU
		Release|Any CPU = Release|Any CPU
	EndGlobalSection
	GlobalSection(ProjectConfigurationPlatforms) = postSolution
		{DA819B64-612A-4338-868E-0513AAC0DC9B}.Debug|Any CPU.ActiveCfg = Debug|Any CPU
		{DA819B64-612A-4338-868E-0513AAC0DC9B}.Debug|Any CPU.Build.0 = Debug|Any CPU
		{DA819B64-612A-4338-868E-0513AAC0DC9B}.Release|Any CPU.ActiveCfg = Release|Any CPU
		{DA819B64-612A-4338-868E-0513AAC0DC9B}.Release|Any CPU.Build.0 = Release|Any CPU
	EndGlobalSection
	GlobalSection(SolutionProperties) = preSolution
		HideSolutionNode = FALSE
	EndGlobalSection
	GlobalSection(ExtensibilityGlobals) = postSolution
		SolutionGuid = {254F0691-6D8C-4488-8047-E85000118193}
	EndGlobalSection
EndGlobal
